
Microsoft Visual Studio Solution File, Format Version 12.00
# Visual Studio Version 16
VisualStudioVersion = 16.0.30621.155
MinimumVisualStudioVersion = 10.0.40219.1
Project("{FAE04EC0-301F-11D3-BF4B-00C04F79EFBC}") = "Dapper.Contrib.Linq2Dapper", "Linq2Dapper\Dapper.Contrib.Linq2Dapper.csproj", "{838141B7-5C2B-4F18-A6F2-6329E013D081}"
EndProject
Global
	GlobalSection(SolutionConfigurationPlatforms) = preSolution
		Debug|Any CPU = Debug|Any CPU
		Release|Any CPU = Release|Any CPU
	EndGlobalSection
	GlobalSection(ProjectConfigurationPlatforms) = postSolution
		{838141B7-5C2B-4F18-A6F2-6329E013D081}.Debug|Any CPU.ActiveCfg = Debug|Any CPU
		{838141B7-5C2B-4F18-A6F2-6329E013D081}.Debug|Any CPU.Build.0 = Debug|Any CPU
		{838141B7-5C2B-4F18-A6F2-6329E013D081}.Release|Any CPU.ActiveCfg = Release|Any CPU
		{838141B7-5C2B-4F18-A6F2-6329E013D081}.Release|Any CPU.Build.0 = Release|Any CPU
	EndGlobalSection
	GlobalSection(SolutionProperties) = preSolution
		HideSolutionNode = FALSE
	EndGlobalSection
	GlobalSection(ExtensibilityGlobals) = postSolution
		SolutionGuid = {101D8AEA-55F0-4D9D-B5E5-F4A7A003B1D3}
	EndGlobalSection
EndGlobal
